// !$*UTF8*$!
{
	archiveVersion = 1;
	classes = {
	};
	objectVersion = 77;
	objects = {

/* Begin PBXBuildFile section */
		AEB82B6C2D50E0E900121F6E /* ListView.swift in Sources */ = {isa = PBXBuildFile; fileRef = AEB82B6B2D50E0E900121F6E /* ListView.swift */; };
/* End PBXBuildFile section */

/* Begin PBXContainerItemProxy section */
		AEB82B4D2D50C2B400121F6E /* PBXContainerItemProxy */ = {
			isa = PBXContainerItemProxy;
			containerPortal = AEB82B342D50C2B300121F6E /* Project object */;
			proxyType = 1;
			remoteGlobalIDString = AEB82B3B2D50C2B300121F6E;
			remoteInfo = "App bozza";
		};
		AEB82B572D50C2B500121F6E /* PBXContainerItemProxy */ = {
			isa = PBXContainerItemProxy;
			containerPortal = AEB82B342D50C2B300121F6E /* Project object */;
			proxyType = 1;
			remoteGlobalIDString = AEB82B3B2D50C2B300121F6E;
			remoteInfo = "App bozza";
		};
/* End PBXContainerItemProxy section */

/* Begin PBXFileReference section */
		AEB82B3C2D50C2B300121F6E /* App bozza.app */ = {isa = PBXFileReference; explicitFileType = wrapper.application; includeInIndex = 0; path = "App bozza.app"; sourceTree = BUILT_PRODUCTS_DIR; };
		AEB82B4C2D50C2B400121F6E /* App bozzaTests.xctest */ = {isa = PBXFileReference; explicitFileType = wrapper.cfbundle; includeInIndex = 0; path = "App bozzaTests.xctest"; sourceTree = BUILT_PRODUCTS_DIR; };
		AEB82B562D50C2B500121F6E /* App bozzaUITests.xctest */ = {isa = PBXFileReference; explicitFileType = wrapper.cfbundle; includeInIndex = 0; path = "App bozzaUITests.xctest"; sourceTree = BUILT_PRODUCTS_DIR; };
		AEB82B6B2D50E0E900121F6E /* ListView.swift */ = {isa = PBXFileReference; lastKnownFileType = sourcecode.swift; path = ListView.swift; sourceTree = "<group>"; };
/* End PBXFileReference section */

/* Begin PBXFileSystemSynchronizedRootGroup section */
		AEB82B3E2D50C2B300121F6E /* App bozza */ = {
			isa = PBXFileSystemSynchronizedRootGroup;
			path = "App bozza";
			sourceTree = "<group>";
		};
		AEB82B4F2D50C2B400121F6E /* AppBozzaTests */ = {
			isa = PBXFileSystemSynchronizedRootGroup;
			path = AppBozzaTests;
			sourceTree = "<group>";
		};
		AEB82B592D50C2B500121F6E /* AppBozzaUITests */ = {
			isa = PBXFileSystemSynchronizedRootGroup;
			path = AppBozzaUITests;
			sourceTree = "<group>";
		};
/* End PBXFileSystemSynchronizedRootGroup section */

/* Begin PBXFrameworksBuildPhase section */
		AEB82B392D50C2B300121F6E /* Frameworks */ = {
			isa = PBXFrameworksBuildPhase;
			buildActionMask = 2147483647;
			files = (
			);
			runOnlyForDeploymentPostprocessing = 0;
		};
		AEB82B492D50C2B400121F6E /* Frameworks */ = {
			isa = PBXFrameworksBuildPhase;
			buildActionMask = 2147483647;
			files = (
			);
			runOnlyForDeploymentPostprocessing = 0;
		};
		AEB82B532D50C2B500121F6E /* Frameworks */ = {
			isa = PBXFrameworksBuildPhase;
			buildActionMask = 2147483647;
			files = (
			);
			runOnlyForDeploymentPostprocessing = 0;
		};
/* End PBXFrameworksBuildPhase section */

/* Begin PBXGroup section */
		AEB82B332D50C2B300121F6E = {
			isa = PBXGroup;
			children = (
				AEB82B6B2D50E0E900121F6E /* ListView.swift */,
				AEB82B3E2D50C2B300121F6E /* App bozza */,
				AEB82B4F2D50C2B400121F6E /* AppBozzaTests */,
				AEB82B592D50C2B500121F6E /* AppBozzaUITests */,
				AEB82B3D2D50C2B300121F6E /* Products */,
			);
			sourceTree = "<group>";
		};
		AEB82B3D2D50C2B300121F6E /* Products */ = {
			isa = PBXGroup;
			children = (
				AEB82B3C2D50C2B300121F6E /* App bozza.app */,
				AEB82B4C2D50C2B400121F6E /* App bozzaTests.xctest */,
				AEB82B562D50C2B500121F6E /* App bozzaUITests.xctest */,
			);
			name = Products;
			sourceTree = "<group>";
		};
/* End PBXGroup section */

/* Begin PBXNativeTarget section */
		AEB82B3B2D50C2B300121F6E /* App bozza */ = {
			isa = PBXNativeTarget;
			buildConfigurationList = AEB82B602D50C2B500121F6E /* Build configuration list for PBXNativeTarget "App bozza" */;
			buildPhases = (
				AEB82B382D50C2B300121F6E /* Sources */,
				AEB82B392D50C2B300121F6E /* Frameworks */,
				AEB82B3A2D50C2B300121F6E /* Resources */,
			);
			buildRules = (
			);
			dependencies = (
			);
			fileSystemSynchronizedGroups = (
				AEB82B3E2D50C2B300121F6E /* App bozza */,
			);
			name = "App bozza";
			packageProductDependencies = (
			);
			productName = "App bozza";
			productReference = AEB82B3C2D50C2B300121F6E /* App bozza.app */;
			productType = "com.apple.product-type.application";
		};
		AEB82B4B2D50C2B400121F6E /* App bozzaTests */ = {
			isa = PBXNativeTarget;
			buildConfigurationList = AEB82B632D50C2B500121F6E /* Build configuration list for PBXNativeTarget "App bozzaTests" */;
			buildPhases = (
				AEB82B482D50C2B400121F6E /* Sources */,
				AEB82B492D50C2B400121F6E /* Frameworks */,
				AEB82B4A2D50C2B400121F6E /* Resources */,
			);
			buildRules = (
			);
			dependencies = (
				AEB82B4E2D50C2B400121F6E /* PBXTargetDependency */,
			);
			fileSystemSynchronizedGroups = (
				AEB82B4F2D50C2B400121F6E /* AppBozzaTests */,
			);
			name = "App bozzaTests";
			packageProductDependencies = (
			);
			productName = "App bozzaTests";
			productReference = AEB82B4C2D50C2B400121F6E /* App bozzaTests.xctest */;
			productType = "com.apple.product-type.bundle.unit-test";
		};
		AEB82B552D50C2B500121F6E /* App bozzaUITests */ = {
			isa = PBXNativeTarget;
			buildConfigurationList = AEB82B662D50C2B500121F6E /* Build configuration list for PBXNativeTarget "App bozzaUITests" */;
			buildPhases = (
				AEB82B522D50C2B500121F6E /* Sources */,
				AEB82B532D50C2B500121F6E /* Frameworks */,
				AEB82B542D50C2B500121F6E /* Resources */,
			);
			buildRules = (
			);
			dependencies = (
				AEB82B582D50C2B500121F6E /* PBXTargetDependency */,
			);
			fileSystemSynchronizedGroups = (
				AEB82B592D50C2B500121F6E /* AppBozzaUITests */,
			);
			name = "App bozzaUITests";
			packageProductDependencies = (
			);
			productName = "App bozzaUITests";
			productReference = AEB82B562D50C2B500121F6E /* App bozzaUITests.xctest */;
			productType = "com.apple.product-type.bundle.ui-testing";
		};
/* End PBXNativeTarget section */

/* Begin PBXProject section */
		AEB82B342D50C2B300121F6E /* Project object */ = {
			isa = PBXProject;
			attributes = {
				BuildIndependentTargetsInParallel = 1;
				LastSwiftUpdateCheck = 1620;
				LastUpgradeCheck = 1620;
				TargetAttributes = {
					AEB82B3B2D50C2B300121F6E = {
						CreatedOnToolsVersion = 16.2;
					};
					AEB82B4B2D50C2B400121F6E = {
						CreatedOnToolsVersion = 16.2;
						TestTargetID = AEB82B3B2D50C2B300121F6E;
					};
					AEB82B552D50C2B500121F6E = {
						CreatedOnToolsVersion = 16.2;
						TestTargetID = AEB82B3B2D50C2B300121F6E;
					};
				};
			};
			buildConfigurationList = AEB82B372D50C2B300121F6E /* Build configuration list for PBXProject "App bozza" */;
			developmentRegion = en;
			hasScannedForEncodings = 0;
			knownRegions = (
				en,
				Base,
			);
			mainGroup = AEB82B332D50C2B300121F6E;
			minimizedProjectReferenceProxies = 1;
			preferredProjectObjectVersion = 77;
			productRefGroup = AEB82B3D2D50C2B300121F6E /* Products */;
			projectDirPath = "";
			projectRoot = "";
			targets = (
				AEB82B3B2D50C2B300121F6E /* App bozza */,
				AEB82B4B2D50C2B400121F6E /* App bozzaTests */,
				AEB82B552D50C2B500121F6E /* App bozzaUITests */,
			);
		};
/* End PBXProject section */

/* Begin PBXResourcesBuildPhase section */
		AEB82B3A2D50C2B300121F6E /* Resources */ = {
			isa = PBXResourcesBuildPhase;
			buildActionMask = 2147483647;
			files = (
			);
			runOnlyForDeploymentPostprocessing = 0;
		};
		AEB82B4A2D50C2B400121F6E /* Resources */ = {
			isa = PBXResourcesBuildPhase;
			buildActionMask = 2147483647;
			files = (
			);
			runOnlyForDeploymentPostprocessing = 0;
		};
		AEB82B542D50C2B500121F6E /* Resources */ = {
			isa = PBXResourcesBuildPhase;
			buildActionMask = 2147483647;
			files = (
			);
			runOnlyForDeploymentPostprocessing = 0;
		};
/* End PBXResourcesBuildPhase section */

/* Begin PBXSourcesBuildPhase section */
		AEB82B382D50C2B300121F6E /* Sources */ = {
			isa = PBXSourcesBuildPhase;
			buildActionMask = 2147483647;
			files = (
				AEB82B6C2D50E0E900121F6E /* ListView.swift in Sources */,
			);
			runOnlyForDeploymentPostprocessing = 0;
		};
		AEB82B482D50C2B400121F6E /* Sources */ = {
			isa = PBXSourcesBuildPhase;
			buildActionMask = 2147483647;
			files = (
			);
			runOnlyForDeploymentPostprocessing = 0;
		};
		AEB82B522D50C2B500121F6E /* Sources */ = {
			isa = PBXSourcesBuildPhase;
			buildActionMask = 2147483647;
			files = (
			);
			runOnlyForDeploymentPostprocessing = 0;
		};
/* End PBXSourcesBuildPhase section */

/* Begin PBXTargetDependency section */
		AEB82B4E2D50C2B400121F6E /* PBXTargetDependency */ = {
			isa = PBXTargetDependency;
			target = AEB82B3B2D50C2B300121F6E /* App bozza */;
			targetProxy = AEB82B4D2D50C2B400121F6E /* PBXContainerItemProxy */;
		};
		AEB82B582D50C2B500121F6E /* PBXTargetDependency */ = {
			isa = PBXTargetDependency;
			target = AEB82B3B2D50C2B300121F6E /* App bozza */;
			targetProxy = AEB82B572D50C2B500121F6E /* PBXContainerItemProxy */;
		};
/* End PBXTargetDependency section */

/* Begin XCBuildConfiguration section */
		AEB82B5E2D50C2B500121F6E /* Debug */ = {
			isa = XCBuildConfiguration;
			buildSettings = {
				ALWAYS_SEARCH_USER_PATHS = NO;
				ASSETCATALOG_COMPILER_GENERATE_SWIFT_ASSET_SYMBOL_EXTENSIONS = YES;
				CLANG_ANALYZER_NONNULL = YES;
				CLANG_ANALYZER_NUMBER_OBJECT_CONVERSION = YES_AGGRESSIVE;
				CLANG_CXX_LANGUAGE_STANDARD = "gnu++20";
				CLANG_ENABLE_MODULES = YES;
				CLANG_ENABLE_OBJC_ARC = YES;
				CLANG_ENABLE_OBJC_WEAK = YES;
				CLANG_WARN_BLOCK_CAPTURE_AUTORELEASING = YES;
				CLANG_WARN_BOOL_CONVERSION = YES;
				CLANG_WARN_COMMA = YES;
				CLANG_WARN_CONSTANT_CONVERSION = YES;
				CLANG_WARN_DEPRECATED_OBJC_IMPLEMENTATIONS = YES;
				CLANG_WARN_DIRECT_OBJC_ISA_USAGE = YES_ERROR;
				CLANG_WARN_DOCUMENTATION_COMMENTS = YES;
				CLANG_WARN_EMPTY_BODY = YES;
				CLANG_WARN_ENUM_CONVERSION = YES;
				CLANG_WARN_INFINITE_RECURSION = YES;
				CLANG_WARN_INT_CONVERSION = YES;
				CLANG_WARN_NON_LITERAL_NULL_CONVERSION = YES;
				CLANG_WARN_OBJC_IMPLICIT_RETAIN_SELF = YES;
				CLANG_WARN_OBJC_LITERAL_CONVERSION = YES;
				CLANG_WARN_OBJC_ROOT_CLASS = YES_ERROR;
				CLANG_WARN_QUOTED_INCLUDE_IN_FRAMEWORK_HEADER = YES;
				CLANG_WARN_RANGE_LOOP_ANALYSIS = YES;
				CLANG_WARN_STRICT_PROTOTYPES = YES;
				CLANG_WARN_SUSPICIOUS_MOVE = YES;
				CLANG_WARN_UNGUARDED_AVAILABILITY = YES_AGGRESSIVE;
				CLANG_WARN_UNREACHABLE_CODE = YES;
				CLANG_WARN__DUPLICATE_METHOD_MATCH = YES;
				COPY_PHASE_STRIP = NO;
				DEBUG_INFORMATION_FORMAT = dwarf;
				ENABLE_STRICT_OBJC_MSGSEND = YES;
				ENABLE_TESTABILITY = YES;
				ENABLE_USER_SCRIPT_SANDBOXING = YES;
				GCC_C_LANGUAGE_STANDARD = gnu17;
				GCC_DYNAMIC_NO_PIC = NO;
				GCC_NO_COMMON_BLOCKS = YES;
				GCC_OPTIMIZATION_LEVEL = 0;
				GCC_PREPROCESSOR_DEFINITIONS = (
					"DEBUG=1",
					"$(inherited)",
				);
				GCC_WARN_64_TO_32_BIT_CONVERSION = YES;
				GCC_WARN_ABOUT_RETURN_TYPE = YES_ERROR;
				GCC_WARN_UNDECLARED_SELECTOR = YES;
				GCC_WARN_UNINITIALIZED_AUTOS = YES_AGGRESSIVE;
				GCC_WARN_UNUSED_FUNCTION = YES;
				GCC_WARN_UNUSED_VARIABLE = YES;
				IPHONEOS_DEPLOYMENT_TARGET = 18.2;
				LOCALIZATION_PREFERS_STRING_CATALOGS = YES;
				MTL_ENABLE_DEBUG_INFO = INCLUDE_SOURCE;
				MTL_FAST_MATH = YES;
				ONLY_ACTIVE_ARCH = YES;
				SDKROOT = iphoneos;
				SWIFT_ACTIVE_COMPILATION_CONDITIONS = "DEBUG $(inherited)";
				SWIFT_OPTIMIZATION_LEVEL = "-Onone";
			};
			name = Debug;
		};
		AEB82B5F2D50C2B500121F6E /* Release */ = {
			isa = XCBuildConfiguration;
			buildSettings = {
				ALWAYS_SEARCH_USER_PATHS = NO;
				ASSETCATALOG_COMPILER_GENERATE_SWIFT_ASSET_SYMBOL_EXTENSIONS = YES;
				CLANG_ANALYZER_NONNULL = YES;
				CLANG_ANALYZER_NUMBER_OBJECT_CONVERSION = YES_AGGRESSIVE;
				CLANG_CXX_LANGUAGE_STANDARD = "gnu++20";
				CLANG_ENABLE_MODULES = YES;
				CLANG_ENABLE_OBJC_ARC = YES;
				CLANG_ENABLE_OBJC_WEAK = YES;
				CLANG_WARN_BLOCK_CAPTURE_AUTORELEASING = YES;
				CLANG_WARN_BOOL_CONVERSION = YES;
				CLANG_WARN_COMMA = YES;
				CLANG_WARN_CONSTANT_CONVERSION = YES;
				CLANG_WARN_DEPRECATED_OBJC_IMPLEMENTATIONS = YES;
				CLANG_WARN_DIRECT_OBJC_ISA_USAGE = YES_ERROR;
				CLANG_WARN_DOCUMENTATION_COMMENTS = YES;
				CLANG_WARN_EMPTY_BODY = YES;
				CLANG_WARN_ENUM_CONVERSION = YES;
				CLANG_WARN_INFINITE_RECURSION = YES;
				CLANG_WARN_INT_CONVERSION = YES;
				CLANG_WARN_NON_LITERAL_NULL_CONVERSION = YES;
				CLANG_WARN_OBJC_IMPLICIT_RETAIN_SELF = YES;
				CLANG_WARN_OBJC_LITERAL_CONVERSION = YES;
				CLANG_WARN_OBJC_ROOT_CLASS = YES_ERROR;
				CLANG_WARN_QUOTED_INCLUDE_IN_FRAMEWORK_HEADER = YES;
				CLANG_WARN_RANGE_LOOP_ANALYSIS = YES;
				CLANG_WARN_STRICT_PROTOTYPES = YES;
				CLANG_WARN_SUSPICIOUS_MOVE = YES;
				CLANG_WARN_UNGUARDED_AVAILABILITY = YES_AGGRESSIVE;
				CLANG_WARN_UNREACHABLE_CODE = YES;
				CLANG_WARN__DUPLICATE_METHOD_MATCH = YES;
				COPY_PHASE_STRIP = NO;
				DEBUG_INFORMATION_FORMAT = "dwarf-with-dsym";
				ENABLE_NS_ASSERTIONS = NO;
				ENABLE_STRICT_OBJC_MSGSEND = YES;
				ENABLE_USER_SCRIPT_SANDBOXING = YES;
				GCC_C_LANGUAGE_STANDARD = gnu17;
				GCC_NO_COMMON_BLOCKS = YES;
				GCC_WARN_64_TO_32_BIT_CONVERSION = YES;
				GCC_WARN_ABOUT_RETURN_TYPE = YES_ERROR;
				GCC_WARN_UNDECLARED_SELECTOR = YES;
				GCC_WARN_UNINITIALIZED_AUTOS = YES_AGGRESSIVE;
				GCC_WARN_UNUSED_FUNCTION = YES;
				GCC_WARN_UNUSED_VARIABLE = YES;
				IPHONEOS_DEPLOYMENT_TARGET = 18.2;
				LOCALIZATION_PREFERS_STRING_CATALOGS = YES;
				MTL_ENABLE_DEBUG_INFO = NO;
				MTL_FAST_MATH = YES;
				SDKROOT = iphoneos;
				SWIFT_COMPILATION_MODE = wholemodule;
				VALIDATE_PRODUCT = YES;
			};
			name = Release;
		};
		AEB82B612D50C2B500121F6E /* Debug */ = {
			isa = XCBuildConfiguration;
			buildSettings = {
				ASSETCATALOG_COMPILER_APPICON_NAME = AppIcon;
				ASSETCATALOG_COMPILER_GLOBAL_ACCENT_COLOR_NAME = AccentColor;
				CODE_SIGN_STYLE = Automatic;
				CURRENT_PROJECT_VERSION = 1;
				DEVELOPMENT_ASSET_PATHS = "\"App bozza/Preview Content\"";
				DEVELOPMENT_TEAM = SZVMQ2S4RR;
				ENABLE_PREVIEWS = YES;
				GENERATE_INFOPLIST_FILE = YES;
				INFOPLIST_KEY_CFBundleDisplayName = "Photo Editor ";
				INFOPLIST_KEY_UIApplicationSceneManifest_Generation = YES;
				INFOPLIST_KEY_UIApplicationSupportsIndirectInputEvents = YES;
				INFOPLIST_KEY_UILaunchScreen_Generation = YES;
				INFOPLIST_KEY_UISupportedInterfaceOrientations_iPad = "UIInterfaceOrientationPortrait UIInterfaceOrientationPortraitUpsideDown UIInterfaceOrientationLandscapeLeft UIInterfaceOrientationLandscapeRight";
				INFOPLIST_KEY_UISupportedInterfaceOrientations_iPhone = "UIInterfaceOrientationPortrait UIInterfaceOrientationLandscapeLeft UIInterfaceOrientationLandscapeRight";
				LD_RUNPATH_SEARCH_PATHS = (
					"$(inherited)",
					"@executable_path/Frameworks",
				);
				MARKETING_VERSION = 1.0;
				PRODUCT_BUNDLE_IDENTIFIER = "App-bozza-foto";
				PRODUCT_NAME = "$(TARGET_NAME)";
				SWIFT_EMIT_LOC_STRINGS = YES;
				SWIFT_VERSION = 5.0;
				TARGETED_DEVICE_FAMILY = "1,2";
			};
			name = Debug;
		};
		AEB82B622D50C2B500121F6E /* Release */ = {
			isa = XCBuildConfiguration;
			buildSettings = {
				ASSETCATALOG_COMPILER_APPICON_NAME = AppIcon;
				ASSETCATALOG_COMPILER_GLOBAL_ACCENT_COLOR_NAME = AccentColor;
				CODE_SIGN_STYLE = Automatic;
				CURRENT_PROJECT_VERSION = 1;
				DEVELOPMENT_ASSET_PATHS = "\"App bozza/Preview Content\"";
				DEVELOPMENT_TEAM = SZVMQ2S4RR;
				ENABLE_PREVIEWS = YES;
				GENERATE_INFOPLIST_FILE = YES;
				INFOPLIST_KEY_CFBundleDisplayName = "Photo Editor ";
				INFOPLIST_KEY_UIApplicationSceneManifest_Generation = YES;
				INFOPLIST_KEY_UIApplicationSupportsIndirectInputEvents = YES;
				INFOPLIST_KEY_UILaunchScreen_Generation = YES;
				INFOPLIST_KEY_UISupportedInterfaceOrientations_iPad = "UIInterfaceOrientationPortrait UIInterfaceOrientationPortraitUpsideDown UIInterfaceOrientationLandscapeLeft UIInterfaceOrientationLandscapeRight";
				INFOPLIST_KEY_UISupportedInterfaceOrientations_iPhone = "UIInterfaceOrientationPortrait UIInterfaceOrientationLandscapeLeft UIInterfaceOrientationLandscapeRight";
				LD_RUNPATH_SEARCH_PATHS = (
					"$(inherited)",
					"@executable_path/Frameworks",
				);
				MARKETING_VERSION = 1.0;
				PRODUCT_BUNDLE_IDENTIFIER = "App-bozza-foto";
				PRODUCT_NAME = "$(TARGET_NAME)";
				SWIFT_EMIT_LOC_STRINGS = YES;
				SWIFT_VERSION = 5.0;
				TARGETED_DEVICE_FAMILY = "1,2";
			};
			name = Release;
		};
		AEB82B642D50C2B500121F6E /* Debug */ = {
			isa = XCBuildConfiguration;
			buildSettings = {
				BUNDLE_LOADER = "$(TEST_HOST)";
				CODE_SIGN_STYLE = Automatic;
				CURRENT_PROJECT_VERSION = 1;
				GENERATE_INFOPLIST_FILE = YES;
				IPHONEOS_DEPLOYMENT_TARGET = 18.2;
				MARKETING_VERSION = 1.0;
				PRODUCT_BUNDLE_IDENTIFIER = "Unipa.App-bozzaTests";
				PRODUCT_NAME = "$(TARGET_NAME)";
				SWIFT_EMIT_LOC_STRINGS = NO;
				SWIFT_VERSION = 5.0;
				TARGETED_DEVICE_FAMILY = "1,2";
				TEST_HOST = "$(BUILT_PRODUCTS_DIR)/App bozza.app/$(BUNDLE_EXECUTABLE_FOLDER_PATH)/App bozza";
			};
			name = Debug;
		};
		AEB82B652D50C2B500121F6E /* Release */ = {
			isa = XCBuildConfiguration;
			buildSettings = {
				BUNDLE_LOADER = "$(TEST_HOST)";
				CODE_SIGN_STYLE = Automatic;
				CURRENT_PROJECT_VERSION = 1;
				GENERATE_INFOPLIST_FILE = YES;
				IPHONEOS_DEPLOYMENT_TARGET = 18.2;
				MARKETING_VERSION = 1.0;
				PRODUCT_BUNDLE_IDENTIFIER = "Unipa.App-bozzaTests";
				PRODUCT_NAME = "$(TARGET_NAME)";
				SWIFT_EMIT_LOC_STRINGS = NO;
				SWIFT_VERSION = 5.0;
				TARGETED_DEVICE_FAMILY = "1,2";
				TEST_HOST = "$(BUILT_PRODUCTS_DIR)/App bozza.app/$(BUNDLE_EXECUTABLE_FOLDER_PATH)/App bozza";
			};
			name = Release;
		};
		AEB82B672D50C2B500121F6E /* Debug */ = {
			isa = XCBuildConfiguration;
			buildSettings = {
				CODE_SIGN_STYLE = Automatic;
				CURRENT_PROJECT_VERSION = 1;
				GENERATE_INFOPLIST_FILE = YES;
				MARKETING_VERSION = 1.0;
				PRODUCT_BUNDLE_IDENTIFIER = "Unipa.App-bozzaUITests";
				PRODUCT_NAME = "$(TARGET_NAME)";
				SWIFT_EMIT_LOC_STRINGS = NO;
				SWIFT_VERSION = 5.0;
				TARGETED_DEVICE_FAMILY = "1,2";
				TEST_TARGET_NAME = "App bozza";
			};
			name = Debug;
		};
		AEB82B682D50C2B500121F6E /* Release */ = {
			isa = XCBuildConfiguration;
			buildSettings = {
				CODE_SIGN_STYLE = Automatic;
				CURRENT_PROJECT_VERSION = 1;
				GENERATE_INFOPLIST_FILE = YES;
				MARKETING_VERSION = 1.0;
				PRODUCT_BUNDLE_IDENTIFIER = "Unipa.App-bozzaUITests";
				PRODUCT_NAME = "$(TARGET_NAME)";
				SWIFT_EMIT_LOC_STRINGS = NO;
				SWIFT_VERSION = 5.0;
				TARGETED_DEVICE_FAMILY = "1,2";
				TEST_TARGET_NAME = "App bozza";
			};
			name = Release;
		};
/* End XCBuildConfiguration section */

/* Begin XCConfigurationList section */
		AEB82B372D50C2B300121F6E /* Build configuration list for PBXProject "App bozza" */ = {
			isa = XCConfigurationList;
			buildConfigurations = (
				AEB82B5E2D50C2B500121F6E /* Debug */,
				AEB82B5F2D50C2B500121F6E /* Release */,
			);
			defaultConfigurationIsVisible = 0;
			defaultConfigurationName = Release;
		};
		AEB82B602D50C2B500121F6E /* Build configuration list for PBXNativeTarget "App bozza" */ = {
			isa = XCConfigurationList;
			buildConfigurations = (
				AEB82B612D50C2B500121F6E /* Debug */,
				AEB82B622D50C2B500121F6E /* Release */,
			);
			defaultConfigurationIsVisible = 0;
			defaultConfigurationName = Release;
		};
		AEB82B632D50C2B500121F6E /* Build configuration list for PBXNativeTarget "App bozzaTests" */ = {
			isa = XCConfigurationList;
			buildConfigurations = (
				AEB82B642D50C2B500121F6E /* Debug */,
				AEB82B652D50C2B500121F6E /* Release */,
			);
			defaultConfigurationIsVisible = 0;
			defaultConfigurationName = Release;
		};
		AEB82B662D50C2B500121F6E /* Build configuration list for PBXNativeTarget "App bozzaUITests" */ = {
			isa = XCConfigurationList;
			buildConfigurations = (
				AEB82B672D50C2B500121F6E /* Debug */,
				AEB82B682D50C2B500121F6E /* Release */,
			);
			defaultConfigurationIsVisible = 0;
			defaultConfigurationName = Release;
		};
/* End XCConfigurationList section */
	};
	rootObject = AEB82B342D50C2B300121F6E /* Project object */;
}
